
Microsoft Visual Studio Solution File, Format Version 12.00
# Visual Studio Version 17
VisualStudioVersion = 17.8.34330.188
MinimumVisualStudioVersion = 10.0.40219.1
Project("{FAE04EC0-301F-11D3-BF4B-00C04F79EFBC}") = "TextureReplacerGUI", "TextureReplacerGUI\TextureReplacerGUI.csproj", "{AAAA3E9C-384E-432A-B2C8-14B683F35976}"
EndProject
Global
	GlobalSection(SolutionConfigurationPlatforms) = preSolution
		Debug|Any CPU = Debug|Any CPU
		Release|Any CPU = Release|Any CPU
	EndGlobalSection
	GlobalSection(ProjectConfigurationPlatforms) = postSolution
		{AAAA3E9C-384E-432A-B2C8-14B683F35976}.Debug|Any CPU.ActiveCfg = Debug|Any CPU
		{AAAA3E9C-384E-432A-B2C8-14B683F35976}.Debug|Any CPU.Build.0 = Debug|Any CPU
		{AAAA3E9C-384E-432A-B2C8-14B683F35976}.Release|Any CPU.ActiveCfg = Release|Any CPU
		{AAAA3E9C-384E-432A-B2C8-14B683F35976}.Release|Any CPU.Build.0 = Release|Any CPU
	EndGlobalSection
	GlobalSection(SolutionProperties) = preSolution
		HideSolutionNode = FALSE
	EndGlobalSection
	GlobalSection(ExtensibilityGlobals) = postSolution
		SolutionGuid = {5617D381-272E-464D-B99F-25D4C503C0F3}
	EndGlobalSection
EndGlobal
